
Microsoft Visual Studio Solution File, Format Version 12.00
# Visual Studio Version 16
VisualStudioVersion = 16.0.31613.86
MinimumVisualStudioVersion = 10.0.40219.1
Project("{FAE04EC0-301F-11D3-BF4B-00C04F79EFBC}") = "exe_6", "exe_6.csproj", "{D9ED8293-E3FA-4F64-9C60-9F26AD01F5E2}"
EndProject
Global
	GlobalSection(SolutionConfigurationPlatforms) = preSolution
		Debug|Any CPU = Debug|Any CPU
		Release|Any CPU = Release|Any CPU
	EndGlobalSection
	GlobalSection(ProjectConfigurationPlatforms) = postSolution
		{D9ED8293-E3FA-4F64-9C60-9F26AD01F5E2}.Debug|Any CPU.ActiveCfg = Debug|Any CPU
		{D9ED8293-E3FA-4F64-9C60-9F26AD01F5E2}.Debug|Any CPU.Build.0 = Debug|Any CPU
		{D9ED8293-E3FA-4F64-9C60-9F26AD01F5E2}.Release|Any CPU.ActiveCfg = Release|Any CPU
		{D9ED8293-E3FA-4F64-9C60-9F26AD01F5E2}.Release|Any CPU.Build.0 = Release|Any CPU
	EndGlobalSection
	GlobalSection(SolutionProperties) = preSolution
		HideSolutionNode = FALSE
	EndGlobalSection
	GlobalSection(ExtensibilityGlobals) = postSolution
		SolutionGuid = {28EE865F-54C0-4043-B283-35B947E6DBFB}
	EndGlobalSection
EndGlobal
